
Microsoft Visual Studio Solution File, Format Version 12.00
# Visual Studio 15
VisualStudioVersion = 15.0.28307.168
MinimumVisualStudioVersion = 10.0.40219.1
Project("{FAE04EC0-301F-11D3-BF4B-00C04F79EFBC}") = "WebFormsScaffolding", "WebFormsScaffolding\WebFormsScaffolding.csproj", "{AABF312C-B24B-49CF-ACA9-4F5FCD16ED82}"
EndProject
Project("{FAE04EC0-301F-11D3-BF4B-00C04F79EFBC}") = "VSIXProject", "VSIXProject\VSIXProject.csproj", "{469E9EB9-FAAB-4958-98DB-432111830634}"
EndProject
Global
	GlobalSection(SolutionConfigurationPlatforms) = preSolution
		Debug|Any CPU = Debug|Any CPU
		Release|Any CPU = Release|Any CPU
	EndGlobalSection
	GlobalSection(ProjectConfigurationPlatforms) = postSolution
		{AABF312C-B24B-49CF-ACA9-4F5FCD16ED82}.Debug|Any CPU.ActiveCfg = Debug|Any CPU
		{AABF312C-B24B-49CF-ACA9-4F5FCD16ED82}.Debug|Any CPU.Build.0 = Debug|Any CPU
		{AABF312C-B24B-49CF-ACA9-4F5FCD16ED82}.Release|Any CPU.ActiveCfg = Release|Any CPU
		{AABF312C-B24B-49CF-ACA9-4F5FCD16ED82}.Release|Any CPU.Build.0 = Release|Any CPU
		{469E9EB9-FAAB-4958-98DB-432111830634}.Debug|Any CPU.ActiveCfg = Debug|Any CPU
		{469E9EB9-FAAB-4958-98DB-432111830634}.Debug|Any CPU.Build.0 = Debug|Any CPU
		{469E9EB9-FAAB-4958-98DB-432111830634}.Release|Any CPU.ActiveCfg = Release|Any CPU
		{469E9EB9-FAAB-4958-98DB-432111830634}.Release|Any CPU.Build.0 = Release|Any CPU
	EndGlobalSection
	GlobalSection(SolutionProperties) = preSolution
		HideSolutionNode = FALSE
	EndGlobalSection
	GlobalSection(ExtensibilityGlobals) = postSolution
		SolutionGuid = {52F19911-5BF4-4FD5-AE0B-8CE2B68EA96F}
	EndGlobalSection
EndGlobal
